
Microsoft Visual Studio Solution File, Format Version 12.00
# Visual Studio Version 17
VisualStudioVersion = 17.11.35327.3
MinimumVisualStudioVersion = 10.0.40219.1
Project("{FAE04EC0-301F-11D3-BF4B-00C04F79EFBC}") = "Sniffer", "Sniffer\Sniffer.csproj", "{BE965D4F-5640-44F2-8582-D4AFA8FFA4B0}"
EndProject
Global
	GlobalSection(SolutionConfigurationPlatforms) = preSolution
		Debug|Any CPU = Debug|Any CPU
		Release|Any CPU = Release|Any CPU
	EndGlobalSection
	GlobalSection(ProjectConfigurationPlatforms) = postSolution
		{BE965D4F-5640-44F2-8582-D4AFA8FFA4B0}.Debug|Any CPU.ActiveCfg = Debug|Any CPU
		{BE965D4F-5640-44F2-8582-D4AFA8FFA4B0}.Debug|Any CPU.Build.0 = Debug|Any CPU
		{BE965D4F-5640-44F2-8582-D4AFA8FFA4B0}.Release|Any CPU.ActiveCfg = Release|Any CPU
		{BE965D4F-5640-44F2-8582-D4AFA8FFA4B0}.Release|Any CPU.Build.0 = Release|Any CPU
	EndGlobalSection
	GlobalSection(SolutionProperties) = preSolution
		HideSolutionNode = FALSE
	EndGlobalSection
	GlobalSection(ExtensibilityGlobals) = postSolution
		SolutionGuid = {602D5CCD-72DC-4F14-901E-BA8342913572}
	EndGlobalSection
EndGlobal
